
Microsoft Visual Studio Solution File, Format Version 12.00
# Visual Studio 15
VisualStudioVersion = 15.0.27130.2036
MinimumVisualStudioVersion = 10.0.40219.1
Project("{9A19103F-16F7-4668-BE54-9A1E7A4F7556}") = "TemperatureFunctions", "src\TemperatureFunctions\TemperatureFunctions.csproj", "{6891DB92-B0CF-4C87-8F49-55AFA2EC2696}"
EndProject
Global
	GlobalSection(SolutionConfigurationPlatforms) = preSolution
		Debug|Any CPU = Debug|Any CPU
		Release|Any CPU = Release|Any CPU
	EndGlobalSection
	GlobalSection(ProjectConfigurationPlatforms) = postSolution
		{6891DB92-B0CF-4C87-8F49-55AFA2EC2696}.Debug|Any CPU.ActiveCfg = Debug|Any CPU
		{6891DB92-B0CF-4C87-8F49-55AFA2EC2696}.Debug|Any CPU.Build.0 = Debug|Any CPU
		{6891DB92-B0CF-4C87-8F49-55AFA2EC2696}.Release|Any CPU.ActiveCfg = Release|Any CPU
		{6891DB92-B0CF-4C87-8F49-55AFA2EC2696}.Release|Any CPU.Build.0 = Release|Any CPU
	EndGlobalSection
	GlobalSection(SolutionProperties) = preSolution
		HideSolutionNode = FALSE
	EndGlobalSection
	GlobalSection(ExtensibilityGlobals) = postSolution
		SolutionGuid = {33C78A07-748A-4437-9619-1E53599A6E07}
	EndGlobalSection
EndGlobal
